
Microsoft Visual Studio Solution File, Format Version 12.00
# Visual Studio Version 17
VisualStudioVersion = 17.2.32630.192
MinimumVisualStudioVersion = 10.0.40219.1
Project("{FAE04EC0-301F-11D3-BF4B-00C04F79EFBC}") = "FirstApp", "FirstApp\FirstApp.csproj", "{380CA8E7-EE02-4B04-A14C-34E54441FCCD}"
EndProject
Global
	GlobalSection(SolutionConfigurationPlatforms) = preSolution
		Debug|Any CPU = Debug|Any CPU
		Release|Any CPU = Release|Any CPU
	EndGlobalSection
	GlobalSection(ProjectConfigurationPlatforms) = postSolution
		{380CA8E7-EE02-4B04-A14C-34E54441FCCD}.Debug|Any CPU.ActiveCfg = Debug|Any CPU
		{380CA8E7-EE02-4B04-A14C-34E54441FCCD}.Debug|Any CPU.Build.0 = Debug|Any CPU
		{380CA8E7-EE02-4B04-A14C-34E54441FCCD}.Release|Any CPU.ActiveCfg = Release|Any CPU
		{380CA8E7-EE02-4B04-A14C-34E54441FCCD}.Release|Any CPU.Build.0 = Release|Any CPU
	EndGlobalSection
	GlobalSection(SolutionProperties) = preSolution
		HideSolutionNode = FALSE
	EndGlobalSection
	GlobalSection(ExtensibilityGlobals) = postSolution
		SolutionGuid = {A2AF8012-9BB1-49BD-AA61-80C47DE32290}
	EndGlobalSection
EndGlobal
